
Microsoft Visual Studio Solution File, Format Version 12.00
# Visual Studio Version 17
VisualStudioVersion = 17.0.31903.59
MinimumVisualStudioVersion = 10.0.40219.1
Project("{FAE04EC0-301F-11D3-BF4B-00C04F79EFBC}") = "Chat.Client", "Chat.Client\Chat.Client.csproj", "{930959F5-7CEC-4DB2-B45E-52D13C234310}"
EndProject
Project("{FAE04EC0-301F-11D3-BF4B-00C04F79EFBC}") = "Chat.Server", "Chat.Server\Chat.Server.csproj", "{95FF1EA0-AA38-4412-9D0F-4BA96B091361}"
EndProject
Project("{FAE04EC0-301F-11D3-BF4B-00C04F79EFBC}") = "Chat.Lib", "Chat.Lib\Chat.Lib.csproj", "{5B1C64A3-0093-4C88-B1EA-882BC95D55D3}"
EndProject
Global
	GlobalSection(SolutionConfigurationPlatforms) = preSolution
		Debug|Any CPU = Debug|Any CPU
		Debug|x64 = Debug|x64
		Debug|x86 = Debug|x86
		Release|Any CPU = Release|Any CPU
		Release|x64 = Release|x64
		Release|x86 = Release|x86
	EndGlobalSection
	GlobalSection(ProjectConfigurationPlatforms) = postSolution
		{930959F5-7CEC-4DB2-B45E-52D13C234310}.Debug|Any CPU.ActiveCfg = Debug|Any CPU
		{930959F5-7CEC-4DB2-B45E-52D13C234310}.Debug|Any CPU.Build.0 = Debug|Any CPU
		{930959F5-7CEC-4DB2-B45E-52D13C234310}.Debug|x64.ActiveCfg = Debug|Any CPU
		{930959F5-7CEC-4DB2-B45E-52D13C234310}.Debug|x64.Build.0 = Debug|Any CPU
		{930959F5-7CEC-4DB2-B45E-52D13C234310}.Debug|x86.ActiveCfg = Debug|Any CPU
		{930959F5-7CEC-4DB2-B45E-52D13C234310}.Debug|x86.Build.0 = Debug|Any CPU
		{930959F5-7CEC-4DB2-B45E-52D13C234310}.Release|Any CPU.ActiveCfg = Release|Any CPU
		{930959F5-7CEC-4DB2-B45E-52D13C234310}.Release|Any CPU.Build.0 = Release|Any CPU
		{930959F5-7CEC-4DB2-B45E-52D13C234310}.Release|x64.ActiveCfg = Release|Any CPU
		{930959F5-7CEC-4DB2-B45E-52D13C234310}.Release|x64.Build.0 = Release|Any CPU
		{930959F5-7CEC-4DB2-B45E-52D13C234310}.Release|x86.ActiveCfg = Release|Any CPU
		{930959F5-7CEC-4DB2-B45E-52D13C234310}.Release|x86.Build.0 = Release|Any CPU
		{95FF1EA0-AA38-4412-9D0F-4BA96B091361}.Debug|Any CPU.ActiveCfg = Debug|Any CPU
		{95FF1EA0-AA38-4412-9D0F-4BA96B091361}.Debug|Any CPU.Build.0 = Debug|Any CPU
		{95FF1EA0-AA38-4412-9D0F-4BA96B091361}.Debug|x64.ActiveCfg = Debug|Any CPU
		{95FF1EA0-AA38-4412-9D0F-4BA96B091361}.Debug|x64.Build.0 = Debug|Any CPU
		{95FF1EA0-AA38-4412-9D0F-4BA96B091361}.Debug|x86.ActiveCfg = Debug|Any CPU
		{95FF1EA0-AA38-4412-9D0F-4BA96B091361}.Debug|x86.Build.0 = Debug|Any CPU
		{95FF1EA0-AA38-4412-9D0F-4BA96B091361}.Release|Any CPU.ActiveCfg = Release|Any CPU
		{95FF1EA0-AA38-4412-9D0F-4BA96B091361}.Release|Any CPU.Build.0 = Release|Any CPU
		{95FF1EA0-AA38-4412-9D0F-4BA96B091361}.Release|x64.ActiveCfg = Release|Any CPU
		{95FF1EA0-AA38-4412-9D0F-4BA96B091361}.Release|x64.Build.0 = Release|Any CPU
		{95FF1EA0-AA38-4412-9D0F-4BA96B091361}.Release|x86.ActiveCfg = Release|Any CPU
		{95FF1EA0-AA38-4412-9D0F-4BA96B091361}.Release|x86.Build.0 = Release|Any CPU
		{5B1C64A3-0093-4C88-B1EA-882BC95D55D3}.Debug|Any CPU.ActiveCfg = Debug|Any CPU
		{5B1C64A3-0093-4C88-B1EA-882BC95D55D3}.Debug|Any CPU.Build.0 = Debug|Any CPU
		{5B1C64A3-0093-4C88-B1EA-882BC95D55D3}.Debug|x64.ActiveCfg = Debug|Any CPU
		{5B1C64A3-0093-4C88-B1EA-882BC95D55D3}.Debug|x64.Build.0 = Debug|Any CPU
		{5B1C64A3-0093-4C88-B1EA-882BC95D55D3}.Debug|x86.ActiveCfg = Debug|Any CPU
		{5B1C64A3-0093-4C88-B1EA-882BC95D55D3}.Debug|x86.Build.0 = Debug|Any CPU
		{5B1C64A3-0093-4C88-B1EA-882BC95D55D3}.Release|Any CPU.ActiveCfg = Release|Any CPU
		{5B1C64A3-0093-4C88-B1EA-882BC95D55D3}.Release|Any CPU.Build.0 = Release|Any CPU
		{5B1C64A3-0093-4C88-B1EA-882BC95D55D3}.Release|x64.ActiveCfg = Release|Any CPU
		{5B1C64A3-0093-4C88-B1EA-882BC95D55D3}.Release|x64.Build.0 = Release|Any CPU
		{5B1C64A3-0093-4C88-B1EA-882BC95D55D3}.Release|x86.ActiveCfg = Release|Any CPU
		{5B1C64A3-0093-4C88-B1EA-882BC95D55D3}.Release|x86.Build.0 = Release|Any CPU
	EndGlobalSection
	GlobalSection(SolutionProperties) = preSolution
		HideSolutionNode = FALSE
	EndGlobalSection
EndGlobal
